
Microsoft Visual Studio Solution File, Format Version 12.00
# Visual Studio Version 17
VisualStudioVersion = 17.14.37531.7 d17.14
MinimumVisualStudioVersion = 10.0.40219.1
Project("{FAE04EC0-301F-11D3-BF4B-00C04F79EFBC}") = "KT9", "KT9\KT9.csproj", "{05E7B3A4-9E06-4E31-AC3D-FB79B86E9E8B}"
EndProject
Global
	GlobalSection(SolutionConfigurationPlatforms) = preSolution
		Debug|Any CPU = Debug|Any CPU
		Release|Any CPU = Release|Any CPU
	EndGlobalSection
	GlobalSection(ProjectConfigurationPlatforms) = postSolution
		{05E7B3A4-9E06-4E31-AC3D-FB79B86E9E8B}.Debug|Any CPU.ActiveCfg = Debug|Any CPU
		{05E7B3A4-9E06-4E31-AC3D-FB79B86E9E8B}.Debug|Any CPU.Build.0 = Debug|Any CPU
		{05E7B3A4-9E06-4E31-AC3D-FB79B86E9E8B}.Release|Any CPU.ActiveCfg = Release|Any CPU
		{05E7B3A4-9E06-4E31-AC3D-FB79B86E9E8B}.Release|Any CPU.Build.0 = Release|Any CPU
	EndGlobalSection
	GlobalSection(SolutionProperties) = preSolution
		HideSolutionNode = FALSE
	EndGlobalSection
	GlobalSection(ExtensibilityGlobals) = postSolution
		SolutionGuid = {CCE3C161-3514-4628-909F-C5CD133169B6}
	EndGlobalSection
EndGlobal
